
Microsoft Visual Studio Solution File, Format Version 12.00
# Visual Studio Version 17
VisualStudioVersion = 17.3.32929.385
MinimumVisualStudioVersion = 10.0.40219.1
Project("{FAE04EC0-301F-11D3-BF4B-00C04F79EFBC}") = "Coffee Shop Lab", "Coffee Shop Lab.csproj", "{98B010B3-6FED-48DC-994E-CD0ABBC85D75}"
EndProject
Global
	GlobalSection(SolutionConfigurationPlatforms) = preSolution
		Debug|Any CPU = Debug|Any CPU
		Release|Any CPU = Release|Any CPU
	EndGlobalSection
	GlobalSection(ProjectConfigurationPlatforms) = postSolution
		{98B010B3-6FED-48DC-994E-CD0ABBC85D75}.Debug|Any CPU.ActiveCfg = Debug|Any CPU
		{98B010B3-6FED-48DC-994E-CD0ABBC85D75}.Debug|Any CPU.Build.0 = Debug|Any CPU
		{98B010B3-6FED-48DC-994E-CD0ABBC85D75}.Release|Any CPU.ActiveCfg = Release|Any CPU
		{98B010B3-6FED-48DC-994E-CD0ABBC85D75}.Release|Any CPU.Build.0 = Release|Any CPU
	EndGlobalSection
	GlobalSection(SolutionProperties) = preSolution
		HideSolutionNode = FALSE
	EndGlobalSection
	GlobalSection(ExtensibilityGlobals) = postSolution
		SolutionGuid = {69C90012-571E-49BA-83D1-85056079ACF2}
	EndGlobalSection
EndGlobal
